PODS:
  - BigInt (5.2.0)
  - CryptoSwift (1.4.0)
  - SwiftLint (0.43.1)
  - SwiftProtobuf (1.17.0)
  - TrustSDK/Client (1.4.7):
    - BigInt
    - TrustWalletCore/Types
  - TrustSDK/Wallet (1.4.7):
    - TrustSDK/Client
  - TrustWalletCore/Types (2.6.8):
    - SwiftProtobuf

DEPENDENCIES:
  - BigInt
  - CryptoSwift
  - SwiftLint
  - TrustSDK/Wallet (from `../`)

SPEC REPOS:
  trunk:
    - BigInt
    - CryptoSwift
    - SwiftLint
    - SwiftProtobuf
    - TrustWalletCore

EXTERNAL SOURCES:
  TrustSDK:
    :path: "../"

SPEC CHECKSUMS:
  BigInt: f668a80089607f521586bbe29513d708491ef2f7
  CryptoSwift: 7cc902df1784de3b389a387756c7d710f197730c
  SwiftLint: 99f82d07b837b942dd563c668de129a03fc3fb52
  SwiftProtobuf: 9c85136c6ba74b0a1b84279dbf0f6db8efb714e0
  TrustSDK: e1b5f33d3df28044a6b2ed07407f640b227e7f0c
  TrustWalletCore: 182a5dc39512187878d5968b8a9a25406b181d96

PODFILE CHECKSUM: 3bf91512e2b70289d29bdcf9760e44a999dcb82c

COCOAPODS: 1.10.1
