PODS:
  - BigInt (5.0.0)
  - SwiftLint (0.39.1)
  - SwiftProtobuf (1.8.0)
  - TrustSDK/Client (1.2.4):
    - BigInt
    - TrustWalletCore/Types
  - TrustSDK/Wallet (1.2.4):
    - TrustSDK/Client
  - TrustWalletCore/Types (2.0.10):
    - SwiftProtobuf

DEPENDENCIES:
  - SwiftLint
  - TrustSDK/Wallet (from `../`)

SPEC REPOS:
  trunk:
    - BigInt
    - SwiftLint
    - SwiftProtobuf
    - TrustWalletCore

EXTERNAL SOURCES:
  TrustSDK:
    :path: "../"

SPEC CHECKSUMS:
  BigInt: 74b4d88367b0e819d9f77393549226d36faeb0d8
  SwiftLint: 55e96a4a4d537d4a3156859fc1c54bd24851a046
  SwiftProtobuf: 2cbd9409689b7df170d82a92a33443c8e3e14a70
  TrustSDK: 65ca7c09a4d8ea34ccd3cc05254db9958de67f22
  TrustWalletCore: bab25728671e43a5b9356a13adae7b12bfa48f73

PODFILE CHECKSUM: 8aa041a02c290ebee7b7e42493802af7035a6dc2

COCOAPODS: 1.9.1
