// !$*UTF8*$!
{
	archiveVersion = 1;
	classes = {
	};
	objectVersion = 50;
	objects = {

/* Begin PBXBuildFile section */
		296FC59D20BD4EE300B923EF /* SignPersonalMessageCommand.swift in Sources */ = {isa = PBXBuildFile; fileRef = 296FC59C20BD4EE300B923EF /* SignPersonalMessageCommand.swift */; };
		296FC5A220BD546900B923EF /* SignPersonalMessageCommandTests.swift in Sources */ = {isa = PBXBuildFile; fileRef = 296FC5A120BD546900B923EF /* SignPersonalMessageCommandTests.swift */; };
		6149DABE20A53061004EDA7A /* TrustSDK.framework in Frameworks */ = {isa = PBXBuildFile; fileRef = 6149DAB520A53061004EDA7A /* TrustSDK.framework */; };
		6149DACC20A530B4004EDA7A /* TrustSDK.h in Headers */ = {isa = PBXBuildFile; fileRef = 6149DAA920A53050004EDA7A /* TrustSDK.h */; settings = {ATTRIBUTES = (Public, ); }; };
		6149DADD20A5335E004EDA7A /* SignMessageCommand.swift in Sources */ = {isa = PBXBuildFile; fileRef = 6149DADC20A5335E004EDA7A /* SignMessageCommand.swift */; };
		6149DADE20A54A66004EDA7A /* Command.swift in Sources */ = {isa = PBXBuildFile; fileRef = 6149DAAA20A53050004EDA7A /* Command.swift */; };
		6149DADF20A54A69004EDA7A /* WalletApp.swift in Sources */ = {isa = PBXBuildFile; fileRef = 6149DAAB20A53050004EDA7A /* WalletApp.swift */; };
		6149DAE020A54A6A004EDA7A /* TrustSDK.swift in Sources */ = {isa = PBXBuildFile; fileRef = 6149DAAC20A53050004EDA7A /* TrustSDK.swift */; };
		6149DAE120A54A6A004EDA7A /* WalletAppManager.swift in Sources */ = {isa = PBXBuildFile; fileRef = 6149DAAD20A53050004EDA7A /* WalletAppManager.swift */; };
		6149DAE420A54F35004EDA7A /* SignTransactionCommand.swift in Sources */ = {isa = PBXBuildFile; fileRef = 6149DAE320A54F35004EDA7A /* SignTransactionCommand.swift */; };
		6149DAFC20A92E50004EDA7A /* SignMessageCommandTests.swift in Sources */ = {isa = PBXBuildFile; fileRef = 6149DAFB20A92E50004EDA7A /* SignMessageCommandTests.swift */; };
		6149DAFE20A92E61004EDA7A /* SignTransactionCommandTests.swift in Sources */ = {isa = PBXBuildFile; fileRef = 6149DAFD20A92E61004EDA7A /* SignTransactionCommandTests.swift */; };
		618C424F20AE982600D2F704 /* TrustWalletSDK.framework in Frameworks */ = {isa = PBXBuildFile; fileRef = 618C424620AE982600D2F704 /* TrustWalletSDK.framework */; };
		618C425D20AE982D00D2F704 /* TrustSDK.h in Headers */ = {isa = PBXBuildFile; fileRef = 6149DAA920A53050004EDA7A /* TrustSDK.h */; settings = {ATTRIBUTES = (Public, ); }; };
		618C425E20AE983300D2F704 /* TrustWalletSDK.swift in Sources */ = {isa = PBXBuildFile; fileRef = 618C423D20AE956300D2F704 /* TrustWalletSDK.swift */; };
		618C425F20AE983300D2F704 /* WalletDelegate.swift in Sources */ = {isa = PBXBuildFile; fileRef = 618C423F20AE95DC00D2F704 /* WalletDelegate.swift */; };
		618C426520AE9B9F00D2F704 /* URLComponents.swift in Sources */ = {isa = PBXBuildFile; fileRef = 618C426320AE9B9C00D2F704 /* URLComponents.swift */; };
		618C426720AE9F1500D2F704 /* TrustWalletSDKTests.swift in Sources */ = {isa = PBXBuildFile; fileRef = 618C426620AE9F1500D2F704 /* TrustWalletSDKTests.swift */; };
		61C0632820BD0EB200CB219A /* Error.swift in Sources */ = {isa = PBXBuildFile; fileRef = 61C0632720BD0EB200CB219A /* Error.swift */; };
		61C0632920BD0EB200CB219A /* Error.swift in Sources */ = {isa = PBXBuildFile; fileRef = 61C0632720BD0EB200CB219A /* Error.swift */; };
		62607574112D306961D341C8 /* Pods_TrustSDK_TrustWalletSDK.framework in Frameworks */ = {isa = PBXBuildFile; fileRef = 1AE8ED9EAFE8E5A08D9F7067 /* Pods_TrustSDK_TrustWalletSDK.framework */; };
		7558EF019B1FAEAA1A7120F2 /* Pods_TrustSDK.framework in Frameworks */ = {isa = PBXBuildFile; fileRef = E6F5D371F4D1BC5896BA9642 /* Pods_TrustSDK.framework */; };
		8B1F64449ED56221FC322F14 /* Pods_TrustSDK_TrustWalletSDKTests.framework in Frameworks */ = {isa = PBXBuildFile; fileRef = C9BFFDED920C477EEE88B651 /* Pods_TrustSDK_TrustWalletSDKTests.framework */; };
		BF91DE839E2B1B7737732A36 /* Pods_TrustSDK_TrustSDKTests.framework in Frameworks */ = {isa = PBXBuildFile; fileRef = 7B625F4851358BD32C57BCB3 /* Pods_TrustSDK_TrustSDKTests.framework */; };
		F2B757F920C1CC0E0011E673 /* TrustSDKObjC.swift in Sources */ = {isa = PBXBuildFile; fileRef = F2B757F820C1CC0E0011E673 /* TrustSDKObjC.swift */; };
/* End PBXBuildFile section */

/* Begin PBXContainerItemProxy section */
		6149DABF20A53061004EDA7A /* PBXContainerItemProxy */ = {
			isa = PBXContainerItemProxy;
			containerPortal = 6149D9BB20A52FE3004EDA7A /* Project object */;
			proxyType = 1;
			remoteGlobalIDString = 6149DAB420A53061004EDA7A;
			remoteInfo = TrustSDK;
		};
		618C425020AE982600D2F704 /* PBXContainerItemProxy */ = {
			isa = PBXContainerItemProxy;
			containerPortal = 6149D9BB20A52FE3004EDA7A /* Project object */;
			proxyType = 1;
			remoteGlobalIDString = 618C424520AE982600D2F704;
			remoteInfo = TrustWalletSDK;
		};
/* End PBXContainerItemProxy section */

/* Begin PBXFileReference section */
		0095D2EE6A6FF69F3963E995 /* Pods-TrustSDK-TrustSDKTests.release.xcconfig */ = {isa = PBXFileReference; includeInIndex = 1; lastKnownFileType = text.xcconfig; name = "Pods-TrustSDK-TrustSDKTests.release.xcconfig"; path = "Pods/Target Support Files/Pods-TrustSDK-TrustSDKTests/Pods-TrustSDK-TrustSDKTests.release.xcconfig"; sourceTree = "<group>"; };
		10884017ECCF49138425F43E /* Pods-TrustSDK-TrustWalletSDKTests.debug.xcconfig */ = {isa = PBXFileReference; includeInIndex = 1; lastKnownFileType = text.xcconfig; name = "Pods-TrustSDK-TrustWalletSDKTests.debug.xcconfig"; path = "Pods/Target Support Files/Pods-TrustSDK-TrustWalletSDKTests/Pods-TrustSDK-TrustWalletSDKTests.debug.xcconfig"; sourceTree = "<group>"; };
		1AE8ED9EAFE8E5A08D9F7067 /* Pods_TrustSDK_TrustWalletSDK.framework */ = {isa = PBXFileReference; explicitFileType = wrapper.framework; includeInIndex = 0; path = Pods_TrustSDK_TrustWalletSDK.framework; sourceTree = BUILT_PRODUCTS_DIR; };
		296FC59C20BD4EE300B923EF /* SignPersonalMessageCommand.swift */ = {isa = PBXFileReference; lastKnownFileType = sourcecode.swift; path = SignPersonalMessageCommand.swift; sourceTree = "<group>"; };
		296FC5A120BD546900B923EF /* SignPersonalMessageCommandTests.swift */ = {isa = PBXFileReference; lastKnownFileType = sourcecode.swift; path = SignPersonalMessageCommandTests.swift; sourceTree = "<group>"; };
		4B7A87B64F15A88CF61F863A /* Pods-TrustSDK-TrustSDKTests.debug.xcconfig */ = {isa = PBXFileReference; includeInIndex = 1; lastKnownFileType = text.xcconfig; name = "Pods-TrustSDK-TrustSDKTests.debug.xcconfig"; path = "Pods/Target Support Files/Pods-TrustSDK-TrustSDKTests/Pods-TrustSDK-TrustSDKTests.debug.xcconfig"; sourceTree = "<group>"; };
		6149D9E020A53050004EDA7A /* TrustSDKTestsInfo.plist */ = {isa = PBXFileReference; lastKnownFileType = text.plist.xml; path = TrustSDKTestsInfo.plist; sourceTree = "<group>"; };
		6149D9E120A53050004EDA7A /* TrustSDKInfo.plist */ = {isa = PBXFileReference; lastKnownFileType = text.plist.xml; path = TrustSDKInfo.plist; sourceTree = "<group>"; };
		6149DAA720A53050004EDA7A /* README.md */ = {isa = PBXFileReference; lastKnownFileType = net.daringfireball.markdown; path = README.md; sourceTree = "<group>"; };
		6149DAA920A53050004EDA7A /* TrustSDK.h */ = {isa = PBXFileReference; lastKnownFileType = sourcecode.c.h; path = TrustSDK.h; sourceTree = "<group>"; };
		6149DAAA20A53050004EDA7A /* Command.swift */ = {isa = PBXFileReference; lastKnownFileType = sourcecode.swift; path = Command.swift; sourceTree = "<group>"; };
		6149DAAB20A53050004EDA7A /* WalletApp.swift */ = {isa = PBXFileReference; lastKnownFileType = sourcecode.swift; path = WalletApp.swift; sourceTree = "<group>"; };
		6149DAAC20A53050004EDA7A /* TrustSDK.swift */ = {isa = PBXFileReference; lastKnownFileType = sourcecode.swift; path = TrustSDK.swift; sourceTree = "<group>"; };
		6149DAAD20A53050004EDA7A /* WalletAppManager.swift */ = {isa = PBXFileReference; lastKnownFileType = sourcecode.swift; path = WalletAppManager.swift; sourceTree = "<group>"; };
		6149DAAF20A53050004EDA7A /* LICENSE */ = {isa = PBXFileReference; lastKnownFileType = text; path = LICENSE; sourceTree = "<group>"; };
		6149DAB520A53061004EDA7A /* TrustSDK.framework */ = {isa = PBXFileReference; explicitFileType = wrapper.framework; includeInIndex = 0; path = TrustSDK.framework; sourceTree = BUILT_PRODUCTS_DIR; };
		6149DABD20A53061004EDA7A /* TrustSDKTests.xctest */ = {isa = PBXFileReference; explicitFileType = wrapper.cfbundle; includeInIndex = 0; path = TrustSDKTests.xctest; sourceTree = BUILT_PRODUCTS_DIR; };
		6149DADC20A5335E004EDA7A /* SignMessageCommand.swift */ = {isa = PBXFileReference; lastKnownFileType = sourcecode.swift; path = SignMessageCommand.swift; sourceTree = "<group>"; };
		6149DAE320A54F35004EDA7A /* SignTransactionCommand.swift */ = {isa = PBXFileReference; lastKnownFileType = sourcecode.swift; path = SignTransactionCommand.swift; sourceTree = "<group>"; };
		6149DAFB20A92E50004EDA7A /* SignMessageCommandTests.swift */ = {isa = PBXFileReference; lastKnownFileType = sourcecode.swift; path = SignMessageCommandTests.swift; sourceTree = "<group>"; };
		6149DAFD20A92E61004EDA7A /* SignTransactionCommandTests.swift */ = {isa = PBXFileReference; lastKnownFileType = sourcecode.swift; path = SignTransactionCommandTests.swift; sourceTree = "<group>"; };
		618C423D20AE956300D2F704 /* TrustWalletSDK.swift */ = {isa = PBXFileReference; lastKnownFileType = sourcecode.swift; path = TrustWalletSDK.swift; sourceTree = "<group>"; };
		618C423F20AE95DC00D2F704 /* WalletDelegate.swift */ = {isa = PBXFileReference; lastKnownFileType = sourcecode.swift; path = WalletDelegate.swift; sourceTree = "<group>"; };
		618C424620AE982600D2F704 /* TrustWalletSDK.framework */ = {isa = PBXFileReference; explicitFileType = wrapper.framework; includeInIndex = 0; path = TrustWalletSDK.framework; sourceTree = BUILT_PRODUCTS_DIR; };
		618C424E20AE982600D2F704 /* TrustWalletSDKTests.xctest */ = {isa = PBXFileReference; explicitFileType = wrapper.cfbundle; includeInIndex = 0; path = TrustWalletSDKTests.xctest; sourceTree = BUILT_PRODUCTS_DIR; };
		618C425520AE982600D2F704 /* TrustWalletSDKTestsInfo.plist */ = {isa = PBXFileReference; lastKnownFileType = text.plist.xml; path = TrustWalletSDKTestsInfo.plist; sourceTree = "<group>"; };
		618C426220AE988C00D2F704 /* TrustWalletSDKInfo.plist */ = {isa = PBXFileReference; lastKnownFileType = text.plist.xml; path = TrustWalletSDKInfo.plist; sourceTree = "<group>"; };
		618C426320AE9B9C00D2F704 /* URLComponents.swift */ = {isa = PBXFileReference; lastKnownFileType = sourcecode.swift; path = URLComponents.swift; sourceTree = "<group>"; };
		618C426620AE9F1500D2F704 /* TrustWalletSDKTests.swift */ = {isa = PBXFileReference; lastKnownFileType = sourcecode.swift; path = TrustWalletSDKTests.swift; sourceTree = "<group>"; };
		61C0632720BD0EB200CB219A /* Error.swift */ = {isa = PBXFileReference; lastKnownFileType = sourcecode.swift; path = Error.swift; sourceTree = "<group>"; };
		7B625F4851358BD32C57BCB3 /* Pods_TrustSDK_TrustSDKTests.framework */ = {isa = PBXFileReference; explicitFileType = wrapper.framework; includeInIndex = 0; path = Pods_TrustSDK_TrustSDKTests.framework; sourceTree = BUILT_PRODUCTS_DIR; };
		8C8188F0F5606C32A9869E5E /* Pods-TrustSDK.debug.xcconfig */ = {isa = PBXFileReference; includeInIndex = 1; lastKnownFileType = text.xcconfig; name = "Pods-TrustSDK.debug.xcconfig"; path = "Pods/Target Support Files/Pods-TrustSDK/Pods-TrustSDK.debug.xcconfig"; sourceTree = "<group>"; };
		9E6B2B45193D4F32DE5BAF7F /* Pods-TrustSDK-TrustWalletSDK.debug.xcconfig */ = {isa = PBXFileReference; includeInIndex = 1; lastKnownFileType = text.xcconfig; name = "Pods-TrustSDK-TrustWalletSDK.debug.xcconfig"; path = "Pods/Target Support Files/Pods-TrustSDK-TrustWalletSDK/Pods-TrustSDK-TrustWalletSDK.debug.xcconfig"; sourceTree = "<group>"; };
		C05E6AAEB929E24BB8D3288F /* Pods-TrustSDK-TrustWalletSDKTests.release.xcconfig */ = {isa = PBXFileReference; includeInIndex = 1; lastKnownFileType = text.xcconfig; name = "Pods-TrustSDK-TrustWalletSDKTests.release.xcconfig"; path = "Pods/Target Support Files/Pods-TrustSDK-TrustWalletSDKTests/Pods-TrustSDK-TrustWalletSDKTests.release.xcconfig"; sourceTree = "<group>"; };
		C9BFFDED920C477EEE88B651 /* Pods_TrustSDK_TrustWalletSDKTests.framework */ = {isa = PBXFileReference; explicitFileType = wrapper.framework; includeInIndex = 0; path = Pods_TrustSDK_TrustWalletSDKTests.framework; sourceTree = BUILT_PRODUCTS_DIR; };
		D6797EADF852BBA8C1308A1F /* Pods-TrustSDK.release.xcconfig */ = {isa = PBXFileReference; includeInIndex = 1; lastKnownFileType = text.xcconfig; name = "Pods-TrustSDK.release.xcconfig"; path = "Pods/Target Support Files/Pods-TrustSDK/Pods-TrustSDK.release.xcconfig"; sourceTree = "<group>"; };
		E6F5D371F4D1BC5896BA9642 /* Pods_TrustSDK.framework */ = {isa = PBXFileReference; explicitFileType = wrapper.framework; includeInIndex = 0; path = Pods_TrustSDK.framework; sourceTree = BUILT_PRODUCTS_DIR; };
		F2B757F820C1CC0E0011E673 /* TrustSDKObjC.swift */ = {isa = PBXFileReference; lastKnownFileType = sourcecode.swift; path = TrustSDKObjC.swift; sourceTree = "<group>"; };
		F7A4BA16B1025288FCC38A1E /* Pods-TrustSDK-TrustWalletSDK.release.xcconfig */ = {isa = PBXFileReference; includeInIndex = 1; lastKnownFileType = text.xcconfig; name = "Pods-TrustSDK-TrustWalletSDK.release.xcconfig"; path = "Pods/Target Support Files/Pods-TrustSDK-TrustWalletSDK/Pods-TrustSDK-TrustWalletSDK.release.xcconfig"; sourceTree = "<group>"; };
/* End PBXFileReference section */

/* Begin PBXFrameworksBuildPhase section */
		6149DAB120A53061004EDA7A /* Frameworks */ = {
			isa = PBXFrameworksBuildPhase;
			buildActionMask = 2147483647;
			files = (
				7558EF019B1FAEAA1A7120F2 /* Pods_TrustSDK.framework in Frameworks */,
			);
			runOnlyForDeploymentPostprocessing = 0;
		};
		6149DABA20A53061004EDA7A /* Frameworks */ = {
			isa = PBXFrameworksBuildPhase;
			buildActionMask = 2147483647;
			files = (
				6149DABE20A53061004EDA7A /* TrustSDK.framework in Frameworks */,
				BF91DE839E2B1B7737732A36 /* Pods_TrustSDK_TrustSDKTests.framework in Frameworks */,
			);
			runOnlyForDeploymentPostprocessing = 0;
		};
		618C424220AE982600D2F704 /* Frameworks */ = {
			isa = PBXFrameworksBuildPhase;
			buildActionMask = 2147483647;
			files = (
				62607574112D306961D341C8 /* Pods_TrustSDK_TrustWalletSDK.framework in Frameworks */,
			);
			runOnlyForDeploymentPostprocessing = 0;
		};
		618C424B20AE982600D2F704 /* Frameworks */ = {
			isa = PBXFrameworksBuildPhase;
			buildActionMask = 2147483647;
			files = (
				618C424F20AE982600D2F704 /* TrustWalletSDK.framework in Frameworks */,
				8B1F64449ED56221FC322F14 /* Pods_TrustSDK_TrustWalletSDKTests.framework in Frameworks */,
			);
			runOnlyForDeploymentPostprocessing = 0;
		};
/* End PBXFrameworksBuildPhase section */

/* Begin PBXGroup section */
		6149D9BA20A52FE3004EDA7A = {
			isa = PBXGroup;
			children = (
				6149DAAF20A53050004EDA7A /* LICENSE */,
				6149DAA720A53050004EDA7A /* README.md */,
				6149D9DF20A53050004EDA7A /* Metadata */,
				6149DAA820A53050004EDA7A /* Sources */,
				6149D9DE20A53050004EDA7A /* Tests */,
				6149D9C520A52FE3004EDA7A /* Products */,
				847190085FF2F1DD2EC4FE79 /* Pods */,
				7F2B3DAF5596C95C983EC913 /* Frameworks */,
			);
			sourceTree = "<group>";
		};
		6149D9C520A52FE3004EDA7A /* Products */ = {
			isa = PBXGroup;
			children = (
				6149DAB520A53061004EDA7A /* TrustSDK.framework */,
				6149DABD20A53061004EDA7A /* TrustSDKTests.xctest */,
				618C424620AE982600D2F704 /* TrustWalletSDK.framework */,
				618C424E20AE982600D2F704 /* TrustWalletSDKTests.xctest */,
			);
			name = Products;
			sourceTree = "<group>";
		};
		6149D9DE20A53050004EDA7A /* Tests */ = {
			isa = PBXGroup;
			children = (
				618C426120AE984100D2F704 /* TrustWalletSDK */,
				618C426020AE983A00D2F704 /* TrustSDK */,
			);
			path = Tests;
			sourceTree = "<group>";
		};
		6149D9DF20A53050004EDA7A /* Metadata */ = {
			isa = PBXGroup;
			children = (
				6149D9E120A53050004EDA7A /* TrustSDKInfo.plist */,
				6149D9E020A53050004EDA7A /* TrustSDKTestsInfo.plist */,
				618C426220AE988C00D2F704 /* TrustWalletSDKInfo.plist */,
				618C425520AE982600D2F704 /* TrustWalletSDKTestsInfo.plist */,
			);
			path = Metadata;
			sourceTree = "<group>";
		};
		6149DAA820A53050004EDA7A /* Sources */ = {
			isa = PBXGroup;
			children = (
				776FBFFD20C4927400B60FD6 /* Shared */,
				6149DAA920A53050004EDA7A /* TrustSDK.h */,
				618C423B20AE952000D2F704 /* TrustWalletSDK */,
				618C423C20AE952F00D2F704 /* TrustSDK */,
			);
			path = Sources;
			sourceTree = "<group>";
		};
		6149DAE520A54F43004EDA7A /* Commands */ = {
			isa = PBXGroup;
			children = (
				6149DADC20A5335E004EDA7A /* SignMessageCommand.swift */,
				6149DAE320A54F35004EDA7A /* SignTransactionCommand.swift */,
				296FC59C20BD4EE300B923EF /* SignPersonalMessageCommand.swift */,
			);
			path = Commands;
			sourceTree = "<group>";
		};
		618C423B20AE952000D2F704 /* TrustWalletSDK */ = {
			isa = PBXGroup;
			children = (
				618C423D20AE956300D2F704 /* TrustWalletSDK.swift */,
				618C423F20AE95DC00D2F704 /* WalletDelegate.swift */,
				618C426320AE9B9C00D2F704 /* URLComponents.swift */,
			);
			path = TrustWalletSDK;
			sourceTree = "<group>";
		};
		618C423C20AE952F00D2F704 /* TrustSDK */ = {
			isa = PBXGroup;
			children = (
				F2B757F720C1CBB00011E673 /* ObjCWrapper */,
				6149DAAA20A53050004EDA7A /* Command.swift */,
				6149DAAC20A53050004EDA7A /* TrustSDK.swift */,
				6149DAAB20A53050004EDA7A /* WalletApp.swift */,
				6149DAAD20A53050004EDA7A /* WalletAppManager.swift */,
				6149DAE520A54F43004EDA7A /* Commands */,
			);
			path = TrustSDK;
			sourceTree = "<group>";
		};
		618C426020AE983A00D2F704 /* TrustSDK */ = {
			isa = PBXGroup;
			children = (
				6149DAFB20A92E50004EDA7A /* SignMessageCommandTests.swift */,
				296FC5A120BD546900B923EF /* SignPersonalMessageCommandTests.swift */,
				6149DAFD20A92E61004EDA7A /* SignTransactionCommandTests.swift */,
			);
			path = TrustSDK;
			sourceTree = "<group>";
		};
		618C426120AE984100D2F704 /* TrustWalletSDK */ = {
			isa = PBXGroup;
			children = (
				618C426620AE9F1500D2F704 /* TrustWalletSDKTests.swift */,
			);
			path = TrustWalletSDK;
			sourceTree = "<group>";
		};
		776FBFFD20C4927400B60FD6 /* Shared */ = {
			isa = PBXGroup;
			children = (
				61C0632720BD0EB200CB219A /* Error.swift */,
			);
			path = Shared;
			sourceTree = "<group>";
		};
		7F2B3DAF5596C95C983EC913 /* Frameworks */ = {
			isa = PBXGroup;
			children = (
				E6F5D371F4D1BC5896BA9642 /* Pods_TrustSDK.framework */,
				7B625F4851358BD32C57BCB3 /* Pods_TrustSDK_TrustSDKTests.framework */,
				1AE8ED9EAFE8E5A08D9F7067 /* Pods_TrustSDK_TrustWalletSDK.framework */,
				C9BFFDED920C477EEE88B651 /* Pods_TrustSDK_TrustWalletSDKTests.framework */,
			);
			name = Frameworks;
			sourceTree = "<group>";
		};
		847190085FF2F1DD2EC4FE79 /* Pods */ = {
			isa = PBXGroup;
			children = (
				8C8188F0F5606C32A9869E5E /* Pods-TrustSDK.debug.xcconfig */,
				D6797EADF852BBA8C1308A1F /* Pods-TrustSDK.release.xcconfig */,
				4B7A87B64F15A88CF61F863A /* Pods-TrustSDK-TrustSDKTests.debug.xcconfig */,
				0095D2EE6A6FF69F3963E995 /* Pods-TrustSDK-TrustSDKTests.release.xcconfig */,
				9E6B2B45193D4F32DE5BAF7F /* Pods-TrustSDK-TrustWalletSDK.debug.xcconfig */,
				F7A4BA16B1025288FCC38A1E /* Pods-TrustSDK-TrustWalletSDK.release.xcconfig */,
				10884017ECCF49138425F43E /* Pods-TrustSDK-TrustWalletSDKTests.debug.xcconfig */,
				C05E6AAEB929E24BB8D3288F /* Pods-TrustSDK-TrustWalletSDKTests.release.xcconfig */,
			);
			name = Pods;
			sourceTree = "<group>";
		};
		F2B757F720C1CBB00011E673 /* ObjCWrapper */ = {
			isa = PBXGroup;
			children = (
				F2B757F820C1CC0E0011E673 /* TrustSDKObjC.swift */,
			);
			path = ObjCWrapper;
			sourceTree = "<group>";
		};
/* End PBXGroup section */

/* Begin PBXHeadersBuildPhase section */
		6149DAB220A53061004EDA7A /* Headers */ = {
			isa = PBXHeadersBuildPhase;
			buildActionMask = 2147483647;
			files = (
				6149DACC20A530B4004EDA7A /* TrustSDK.h in Headers */,
			);
			runOnlyForDeploymentPostprocessing = 0;
		};
		618C424320AE982600D2F704 /* Headers */ = {
			isa = PBXHeadersBuildPhase;
			buildActionMask = 2147483647;
			files = (
				618C425D20AE982D00D2F704 /* TrustSDK.h in Headers */,
			);
			runOnlyForDeploymentPostprocessing = 0;
		};
/* End PBXHeadersBuildPhase section */

/* Begin PBXNativeTarget section */
		6149DAB420A53061004EDA7A /* TrustSDK */ = {
			isa = PBXNativeTarget;
			buildConfigurationList = 6149DAC620A53061004EDA7A /* Build configuration list for PBXNativeTarget "TrustSDK" */;
			buildPhases = (
				C3FC0E99FF3E7B0104E2B28D /* [CP] Check Pods Manifest.lock */,
				6149DAB020A53061004EDA7A /* Sources */,
				6149DAB120A53061004EDA7A /* Frameworks */,
				6149DAB220A53061004EDA7A /* Headers */,
				6149DAB320A53061004EDA7A /* Resources */,
				6149DAFF20A93336004EDA7A /* SwiftLint */,
			);
			buildRules = (
			);
			dependencies = (
			);
			name = TrustSDK;
			productName = TrustSDK;
			productReference = 6149DAB520A53061004EDA7A /* TrustSDK.framework */;
			productType = "com.apple.product-type.framework";
		};
		6149DABC20A53061004EDA7A /* TrustSDKTests */ = {
			isa = PBXNativeTarget;
			buildConfigurationList = 6149DAC920A53061004EDA7A /* Build configuration list for PBXNativeTarget "TrustSDKTests" */;
			buildPhases = (
				1CAD96D179EBCDE08AC952A2 /* [CP] Check Pods Manifest.lock */,
				6149DAB920A53061004EDA7A /* Sources */,
				6149DABA20A53061004EDA7A /* Frameworks */,
				6149DABB20A53061004EDA7A /* Resources */,
				314B3FBB3CFB04274082D0D8 /* [CP] Embed Pods Frameworks */,
			);
			buildRules = (
			);
			dependencies = (
				6149DAC020A53061004EDA7A /* PBXTargetDependency */,
			);
			name = TrustSDKTests;
			productName = TrustSDKTests;
			productReference = 6149DABD20A53061004EDA7A /* TrustSDKTests.xctest */;
			productType = "com.apple.product-type.bundle.unit-test";
		};
		618C424520AE982600D2F704 /* TrustWalletSDK */ = {
			isa = PBXNativeTarget;
			buildConfigurationList = 618C425720AE982600D2F704 /* Build configuration list for PBXNativeTarget "TrustWalletSDK" */;
			buildPhases = (
				753A7F9470F98C4CAE560BD4 /* [CP] Check Pods Manifest.lock */,
				618C424120AE982600D2F704 /* Sources */,
				618C424220AE982600D2F704 /* Frameworks */,
				618C424320AE982600D2F704 /* Headers */,
				618C424420AE982600D2F704 /* Resources */,
			);
			buildRules = (
			);
			dependencies = (
			);
			name = TrustWalletSDK;
			productName = TrustWalletSDK;
			productReference = 618C424620AE982600D2F704 /* TrustWalletSDK.framework */;
			productType = "com.apple.product-type.framework";
		};
		618C424D20AE982600D2F704 /* TrustWalletSDKTests */ = {
			isa = PBXNativeTarget;
			buildConfigurationList = 618C425A20AE982600D2F704 /* Build configuration list for PBXNativeTarget "TrustWalletSDKTests" */;
			buildPhases = (
				ADEE1F20321DAB033137AD54 /* [CP] Check Pods Manifest.lock */,
				618C424A20AE982600D2F704 /* Sources */,
				618C424B20AE982600D2F704 /* Frameworks */,
				618C424C20AE982600D2F704 /* Resources */,
				DB20213C5DE40864D3864BFE /* [CP] Embed Pods Frameworks */,
			);
			buildRules = (
			);
			dependencies = (
				618C425120AE982600D2F704 /* PBXTargetDependency */,
			);
			name = TrustWalletSDKTests;
			productName = TrustWalletSDKTests;
			productReference = 618C424E20AE982600D2F704 /* TrustWalletSDKTests.xctest */;
			productType = "com.apple.product-type.bundle.unit-test";
		};
/* End PBXNativeTarget section */

/* Begin PBXProject section */
		6149D9BB20A52FE3004EDA7A /* Project object */ = {
			isa = PBXProject;
			attributes = {
				LastSwiftUpdateCheck = 0930;
				LastUpgradeCheck = 0930;
				ORGANIZATIONNAME = Trust;
				TargetAttributes = {
					6149DAB420A53061004EDA7A = {
						CreatedOnToolsVersion = 9.3;
						LastSwiftMigration = 1000;
					};
					6149DABC20A53061004EDA7A = {
						CreatedOnToolsVersion = 9.3;
						LastSwiftMigration = 1000;
					};
					618C424520AE982600D2F704 = {
						CreatedOnToolsVersion = 9.3.1;
					};
					618C424D20AE982600D2F704 = {
						CreatedOnToolsVersion = 9.3.1;
						LastSwiftMigration = 0930;
					};
				};
			};
			buildConfigurationList = 6149D9BE20A52FE3004EDA7A /* Build configuration list for PBXProject "TrustSDK" */;
			compatibilityVersion = "Xcode 9.3";
			developmentRegion = en;
			hasScannedForEncodings = 0;
			knownRegions = (
				en,
				Base,
			);
			mainGroup = 6149D9BA20A52FE3004EDA7A;
			productRefGroup = 6149D9C520A52FE3004EDA7A /* Products */;
			projectDirPath = "";
			projectRoot = "";
			targets = (
				6149DAB420A53061004EDA7A /* TrustSDK */,
				6149DABC20A53061004EDA7A /* TrustSDKTests */,
				618C424520AE982600D2F704 /* TrustWalletSDK */,
				618C424D20AE982600D2F704 /* TrustWalletSDKTests */,
			);
		};
/* End PBXProject section */

/* Begin PBXResourcesBuildPhase section */
		6149DAB320A53061004EDA7A /* Resources */ = {
			isa = PBXResourcesBuildPhase;
			buildActionMask = 2147483647;
			files = (
			);
			runOnlyForDeploymentPostprocessing = 0;
		};
		6149DABB20A53061004EDA7A /* Resources */ = {
			isa = PBXResourcesBuildPhase;
			buildActionMask = 2147483647;
			files = (
			);
			runOnlyForDeploymentPostprocessing = 0;
		};
		618C424420AE982600D2F704 /* Resources */ = {
			isa = PBXResourcesBuildPhase;
			buildActionMask = 2147483647;
			files = (
			);
			runOnlyForDeploymentPostprocessing = 0;
		};
		618C424C20AE982600D2F704 /* Resources */ = {
			isa = PBXResourcesBuildPhase;
			buildActionMask = 2147483647;
			files = (
			);
			runOnlyForDeploymentPostprocessing = 0;
		};
/* End PBXResourcesBuildPhase section */

/* Begin PBXShellScriptBuildPhase section */
		1CAD96D179EBCDE08AC952A2 /* [CP] Check Pods Manifest.lock */ = {
			isa = PBXShellScriptBuildPhase;
			buildActionMask = 2147483647;
			files = (
			);
			inputPaths = (
				"${PODS_PODFILE_DIR_PATH}/Podfile.lock",
				"${PODS_ROOT}/Manifest.lock",
			);
			name = "[CP] Check Pods Manifest.lock";
			outputPaths = (
				"$(DERIVED_FILE_DIR)/Pods-TrustSDK-TrustSDKTests-checkManifestLockResult.txt",
			);
			runOnlyForDeploymentPostprocessing = 0;
			shellPath = /bin/sh;
			shellScript = "diff \"${PODS_PODFILE_DIR_PATH}/Podfile.lock\" \"${PODS_ROOT}/Manifest.lock\" > /dev/null\nif [ $? != 0 ] ; then\n    # print error to STDERR\n    echo \"error: The sandbox is not in sync with the Podfile.lock. Run 'pod install' or update your CocoaPods installation.\" >&2\n    exit 1\nfi\n# This output is used by Xcode 'outputs' to avoid re-running this script phase.\necho \"SUCCESS\" > \"${SCRIPT_OUTPUT_FILE_0}\"\n";
			showEnvVarsInLog = 0;
		};
		314B3FBB3CFB04274082D0D8 /* [CP] Embed Pods Frameworks */ = {
			isa = PBXShellScriptBuildPhase;
			buildActionMask = 2147483647;
			files = (
			);
			inputPaths = (
				"${SRCROOT}/Pods/Target Support Files/Pods-TrustSDK-TrustSDKTests/Pods-TrustSDK-TrustSDKTests-frameworks.sh",
				"${BUILT_PRODUCTS_DIR}/BigInt/BigInt.framework",
				"${BUILT_PRODUCTS_DIR}/Result/Result.framework",
				"${BUILT_PRODUCTS_DIR}/SipHash/SipHash.framework",
				"${BUILT_PRODUCTS_DIR}/SwiftProtobuf/SwiftProtobuf.framework",
				"${BUILT_PRODUCTS_DIR}/TrezorCrypto/TrezorCrypto.framework",
				"${BUILT_PRODUCTS_DIR}/TrustCore/TrustCore.framework",
			);
			name = "[CP] Embed Pods Frameworks";
			outputPaths = (
				"${TARGET_BUILD_DIR}/${FRAMEWORKS_FOLDER_PATH}/BigInt.framework",
				"${TARGET_BUILD_DIR}/${FRAMEWORKS_FOLDER_PATH}/Result.framework",
				"${TARGET_BUILD_DIR}/${FRAMEWORKS_FOLDER_PATH}/SipHash.framework",
				"${TARGET_BUILD_DIR}/${FRAMEWORKS_FOLDER_PATH}/SwiftProtobuf.framework",
				"${TARGET_BUILD_DIR}/${FRAMEWORKS_FOLDER_PATH}/TrezorCrypto.framework",
				"${TARGET_BUILD_DIR}/${FRAMEWORKS_FOLDER_PATH}/TrustCore.framework",
			);
			runOnlyForDeploymentPostprocessing = 0;
			shellPath = /bin/sh;
			shellScript = "\"${SRCROOT}/Pods/Target Support Files/Pods-TrustSDK-TrustSDKTests/Pods-TrustSDK-TrustSDKTests-frameworks.sh\"\n";
			showEnvVarsInLog = 0;
		};
		6149DAFF20A93336004EDA7A /* SwiftLint */ = {
			isa = PBXShellScriptBuildPhase;
			buildActionMask = 2147483647;
			files = (
			);
			inputPaths = (
			);
			name = SwiftLint;
			outputPaths = (
			);
			runOnlyForDeploymentPostprocessing = 0;
			shellPath = /bin/sh;
			shellScript = "\"${PODS_ROOT}/SwiftLint/swiftlint\"";
			showEnvVarsInLog = 0;
		};
		753A7F9470F98C4CAE560BD4 /* [CP] Check Pods Manifest.lock */ = {
			isa = PBXShellScriptBuildPhase;
			buildActionMask = 2147483647;
			files = (
			);
			inputPaths = (
				"${PODS_PODFILE_DIR_PATH}/Podfile.lock",
				"${PODS_ROOT}/Manifest.lock",
			);
			name = "[CP] Check Pods Manifest.lock";
			outputPaths = (
				"$(DERIVED_FILE_DIR)/Pods-TrustSDK-TrustWalletSDK-checkManifestLockResult.txt",
			);
			runOnlyForDeploymentPostprocessing = 0;
			shellPath = /bin/sh;
			shellScript = "diff \"${PODS_PODFILE_DIR_PATH}/Podfile.lock\" \"${PODS_ROOT}/Manifest.lock\" > /dev/null\nif [ $? != 0 ] ; then\n    # print error to STDERR\n    echo \"error: The sandbox is not in sync with the Podfile.lock. Run 'pod install' or update your CocoaPods installation.\" >&2\n    exit 1\nfi\n# This output is used by Xcode 'outputs' to avoid re-running this script phase.\necho \"SUCCESS\" > \"${SCRIPT_OUTPUT_FILE_0}\"\n";
			showEnvVarsInLog = 0;
		};
		ADEE1F20321DAB033137AD54 /* [CP] Check Pods Manifest.lock */ = {
			isa = PBXShellScriptBuildPhase;
			buildActionMask = 2147483647;
			files = (
			);
			inputPaths = (
				"${PODS_PODFILE_DIR_PATH}/Podfile.lock",
				"${PODS_ROOT}/Manifest.lock",
			);
			name = "[CP] Check Pods Manifest.lock";
			outputPaths = (
				"$(DERIVED_FILE_DIR)/Pods-TrustSDK-TrustWalletSDKTests-checkManifestLockResult.txt",
			);
			runOnlyForDeploymentPostprocessing = 0;
			shellPath = /bin/sh;
			shellScript = "diff \"${PODS_PODFILE_DIR_PATH}/Podfile.lock\" \"${PODS_ROOT}/Manifest.lock\" > /dev/null\nif [ $? != 0 ] ; then\n    # print error to STDERR\n    echo \"error: The sandbox is not in sync with the Podfile.lock. Run 'pod install' or update your CocoaPods installation.\" >&2\n    exit 1\nfi\n# This output is used by Xcode 'outputs' to avoid re-running this script phase.\necho \"SUCCESS\" > \"${SCRIPT_OUTPUT_FILE_0}\"\n";
			showEnvVarsInLog = 0;
		};
		C3FC0E99FF3E7B0104E2B28D /* [CP] Check Pods Manifest.lock */ = {
			isa = PBXShellScriptBuildPhase;
			buildActionMask = 2147483647;
			files = (
			);
			inputPaths = (
				"${PODS_PODFILE_DIR_PATH}/Podfile.lock",
				"${PODS_ROOT}/Manifest.lock",
			);
			name = "[CP] Check Pods Manifest.lock";
			outputPaths = (
				"$(DERIVED_FILE_DIR)/Pods-TrustSDK-checkManifestLockResult.txt",
			);
			runOnlyForDeploymentPostprocessing = 0;
			shellPath = /bin/sh;
			shellScript = "diff \"${PODS_PODFILE_DIR_PATH}/Podfile.lock\" \"${PODS_ROOT}/Manifest.lock\" > /dev/null\nif [ $? != 0 ] ; then\n    # print error to STDERR\n    echo \"error: The sandbox is not in sync with the Podfile.lock. Run 'pod install' or update your CocoaPods installation.\" >&2\n    exit 1\nfi\n# This output is used by Xcode 'outputs' to avoid re-running this script phase.\necho \"SUCCESS\" > \"${SCRIPT_OUTPUT_FILE_0}\"\n";
			showEnvVarsInLog = 0;
		};
		DB20213C5DE40864D3864BFE /* [CP] Embed Pods Frameworks */ = {
			isa = PBXShellScriptBuildPhase;
			buildActionMask = 2147483647;
			files = (
			);
			inputPaths = (
				"${SRCROOT}/Pods/Target Support Files/Pods-TrustSDK-TrustWalletSDKTests/Pods-TrustSDK-TrustWalletSDKTests-frameworks.sh",
				"${BUILT_PRODUCTS_DIR}/BigInt/BigInt.framework",
				"${BUILT_PRODUCTS_DIR}/Result/Result.framework",
				"${BUILT_PRODUCTS_DIR}/SipHash/SipHash.framework",
				"${BUILT_PRODUCTS_DIR}/SwiftProtobuf/SwiftProtobuf.framework",
				"${BUILT_PRODUCTS_DIR}/TrezorCrypto/TrezorCrypto.framework",
				"${BUILT_PRODUCTS_DIR}/TrustCore/TrustCore.framework",
			);
			name = "[CP] Embed Pods Frameworks";
			outputPaths = (
				"${TARGET_BUILD_DIR}/${FRAMEWORKS_FOLDER_PATH}/BigInt.framework",
				"${TARGET_BUILD_DIR}/${FRAMEWORKS_FOLDER_PATH}/Result.framework",
				"${TARGET_BUILD_DIR}/${FRAMEWORKS_FOLDER_PATH}/SipHash.framework",
				"${TARGET_BUILD_DIR}/${FRAMEWORKS_FOLDER_PATH}/SwiftProtobuf.framework",
				"${TARGET_BUILD_DIR}/${FRAMEWORKS_FOLDER_PATH}/TrezorCrypto.framework",
				"${TARGET_BUILD_DIR}/${FRAMEWORKS_FOLDER_PATH}/TrustCore.framework",
			);
			runOnlyForDeploymentPostprocessing = 0;
			shellPath = /bin/sh;
			shellScript = "\"${SRCROOT}/Pods/Target Support Files/Pods-TrustSDK-TrustWalletSDKTests/Pods-TrustSDK-TrustWalletSDKTests-frameworks.sh\"\n";
			showEnvVarsInLog = 0;
		};
/* End PBXShellScriptBuildPhase section */

/* Begin PBXSourcesBuildPhase section */
		6149DAB020A53061004EDA7A /* Sources */ = {
			isa = PBXSourcesBuildPhase;
			buildActionMask = 2147483647;
			files = (
				296FC59D20BD4EE300B923EF /* SignPersonalMessageCommand.swift in Sources */,
				6149DADF20A54A69004EDA7A /* WalletApp.swift in Sources */,
				6149DAE020A54A6A004EDA7A /* TrustSDK.swift in Sources */,
				6149DAE420A54F35004EDA7A /* SignTransactionCommand.swift in Sources */,
				6149DAE120A54A6A004EDA7A /* WalletAppManager.swift in Sources */,
				6149DADD20A5335E004EDA7A /* SignMessageCommand.swift in Sources */,
				61C0632820BD0EB200CB219A /* Error.swift in Sources */,
				6149DADE20A54A66004EDA7A /* Command.swift in Sources */,
				F2B757F920C1CC0E0011E673 /* TrustSDKObjC.swift in Sources */,
			);
			runOnlyForDeploymentPostprocessing = 0;
		};
		6149DAB920A53061004EDA7A /* Sources */ = {
			isa = PBXSourcesBuildPhase;
			buildActionMask = 2147483647;
			files = (
				6149DAFC20A92E50004EDA7A /* SignMessageCommandTests.swift in Sources */,
				6149DAFE20A92E61004EDA7A /* SignTransactionCommandTests.swift in Sources */,
				296FC5A220BD546900B923EF /* SignPersonalMessageCommandTests.swift in Sources */,
			);
			runOnlyForDeploymentPostprocessing = 0;
		};
		618C424120AE982600D2F704 /* Sources */ = {
			isa = PBXSourcesBuildPhase;
			buildActionMask = 2147483647;
			files = (
				61C0632920BD0EB200CB219A /* Error.swift in Sources */,
				618C426520AE9B9F00D2F704 /* URLComponents.swift in Sources */,
				618C425E20AE983300D2F704 /* TrustWalletSDK.swift in Sources */,
				618C425F20AE983300D2F704 /* WalletDelegate.swift in Sources */,
			);
			runOnlyForDeploymentPostprocessing = 0;
		};
		618C424A20AE982600D2F704 /* Sources */ = {
			isa = PBXSourcesBuildPhase;
			buildActionMask = 2147483647;
			files = (
				618C426720AE9F1500D2F704 /* TrustWalletSDKTests.swift in Sources */,
			);
			runOnlyForDeploymentPostprocessing = 0;
		};
/* End PBXSourcesBuildPhase section */

/* Begin PBXTargetDependency section */
		6149DAC020A53061004EDA7A /* PBXTargetDependency */ = {
			isa = PBXTargetDependency;
			target = 6149DAB420A53061004EDA7A /* TrustSDK */;
			targetProxy = 6149DABF20A53061004EDA7A /* PBXContainerItemProxy */;
		};
		618C425120AE982600D2F704 /* PBXTargetDependency */ = {
			isa = PBXTargetDependency;
			target = 618C424520AE982600D2F704 /* TrustWalletSDK */;
			targetProxy = 618C425020AE982600D2F704 /* PBXContainerItemProxy */;
		};
/* End PBXTargetDependency section */

/* Begin XCBuildConfiguration section */
		6149D9D620A52FE3004EDA7A /* Debug */ = {
			isa = XCBuildConfiguration;
			buildSettings = {
				ALWAYS_SEARCH_USER_PATHS = NO;
				CLANG_ANALYZER_NONNULL = YES;
				CLANG_ANALYZER_NUMBER_OBJECT_CONVERSION = YES_AGGRESSIVE;
				CLANG_CXX_LANGUAGE_STANDARD = "gnu++14";
				CLANG_CXX_LIBRARY = "libc++";
				CLANG_ENABLE_MODULES = YES;
				CLANG_ENABLE_OBJC_ARC = YES;
				CLANG_ENABLE_OBJC_WEAK = YES;
				CLANG_WARN_BLOCK_CAPTURE_AUTORELEASING = YES;
				CLANG_WARN_BOOL_CONVERSION = YES;
				CLANG_WARN_COMMA = YES;
				CLANG_WARN_CONSTANT_CONVERSION = YES;
				CLANG_WARN_DEPRECATED_OBJC_IMPLEMENTATIONS = YES;
				CLANG_WARN_DIRECT_OBJC_ISA_USAGE = YES_ERROR;
				CLANG_WARN_DOCUMENTATION_COMMENTS = YES;
				CLANG_WARN_EMPTY_BODY = YES;
				CLANG_WARN_ENUM_CONVERSION = YES;
				CLANG_WARN_INFINITE_RECURSION = YES;
				CLANG_WARN_INT_CONVERSION = YES;
				CLANG_WARN_NON_LITERAL_NULL_CONVERSION = YES;
				CLANG_WARN_OBJC_IMPLICIT_RETAIN_SELF = YES;
				CLANG_WARN_OBJC_LITERAL_CONVERSION = YES;
				CLANG_WARN_OBJC_ROOT_CLASS = YES_ERROR;
				CLANG_WARN_RANGE_LOOP_ANALYSIS = YES;
				CLANG_WARN_STRICT_PROTOTYPES = YES;
				CLANG_WARN_SUSPICIOUS_MOVE = YES;
				CLANG_WARN_UNGUARDED_AVAILABILITY = YES_AGGRESSIVE;
				CLANG_WARN_UNREACHABLE_CODE = YES;
				CLANG_WARN__DUPLICATE_METHOD_MATCH = YES;
				CODE_SIGN_IDENTITY = "iPhone Developer";
				COPY_PHASE_STRIP = NO;
				CURRENT_PROJECT_VERSION = 1;
				DEBUG_INFORMATION_FORMAT = dwarf;
				ENABLE_STRICT_OBJC_MSGSEND = YES;
				ENABLE_TESTABILITY = YES;
				GCC_C_LANGUAGE_STANDARD = gnu11;
				GCC_DYNAMIC_NO_PIC = NO;
				GCC_NO_COMMON_BLOCKS = YES;
				GCC_OPTIMIZATION_LEVEL = 0;
				GCC_PREPROCESSOR_DEFINITIONS = (
					"DEBUG=1",
					"$(inherited)",
				);
				GCC_WARN_64_TO_32_BIT_CONVERSION = YES;
				GCC_WARN_ABOUT_RETURN_TYPE = YES_ERROR;
				GCC_WARN_UNDECLARED_SELECTOR = YES;
				GCC_WARN_UNINITIALIZED_AUTOS = YES_AGGRESSIVE;
				GCC_WARN_UNUSED_FUNCTION = YES;
				GCC_WARN_UNUSED_VARIABLE = YES;
				IPHONEOS_DEPLOYMENT_TARGET = 10.0;
				MTL_ENABLE_DEBUG_INFO = YES;
				ONLY_ACTIVE_ARCH = YES;
				SDKROOT = iphoneos;
				SWIFT_ACTIVE_COMPILATION_CONDITIONS = DEBUG;
				SWIFT_OPTIMIZATION_LEVEL = "-Onone";
				VERSIONING_SYSTEM = "apple-generic";
				VERSION_INFO_PREFIX = "";
			};
			name = Debug;
		};
		6149D9D720A52FE3004EDA7A /* Release */ = {
			isa = XCBuildConfiguration;
			buildSettings = {
				ALWAYS_SEARCH_USER_PATHS = NO;
				CLANG_ANALYZER_NONNULL = YES;
				CLANG_ANALYZER_NUMBER_OBJECT_CONVERSION = YES_AGGRESSIVE;
				CLANG_CXX_LANGUAGE_STANDARD = "gnu++14";
				CLANG_CXX_LIBRARY = "libc++";
				CLANG_ENABLE_MODULES = YES;
				CLANG_ENABLE_OBJC_ARC = YES;
				CLANG_ENABLE_OBJC_WEAK = YES;
				CLANG_WARN_BLOCK_CAPTURE_AUTORELEASING = YES;
				CLANG_WARN_BOOL_CONVERSION = YES;
				CLANG_WARN_COMMA = YES;
				CLANG_WARN_CONSTANT_CONVERSION = YES;
				CLANG_WARN_DEPRECATED_OBJC_IMPLEMENTATIONS = YES;
				CLANG_WARN_DIRECT_OBJC_ISA_USAGE = YES_ERROR;
				CLANG_WARN_DOCUMENTATION_COMMENTS = YES;
				CLANG_WARN_EMPTY_BODY = YES;
				CLANG_WARN_ENUM_CONVERSION = YES;
				CLANG_WARN_INFINITE_RECURSION = YES;
				CLANG_WARN_INT_CONVERSION = YES;
				CLANG_WARN_NON_LITERAL_NULL_CONVERSION = YES;
				CLANG_WARN_OBJC_IMPLICIT_RETAIN_SELF = YES;
				CLANG_WARN_OBJC_LITERAL_CONVERSION = YES;
				CLANG_WARN_OBJC_ROOT_CLASS = YES_ERROR;
				CLANG_WARN_RANGE_LOOP_ANALYSIS = YES;
				CLANG_WARN_STRICT_PROTOTYPES = YES;
				CLANG_WARN_SUSPICIOUS_MOVE = YES;
				CLANG_WARN_UNGUARDED_AVAILABILITY = YES_AGGRESSIVE;
				CLANG_WARN_UNREACHABLE_CODE = YES;
				CLANG_WARN__DUPLICATE_METHOD_MATCH = YES;
				CODE_SIGN_IDENTITY = "iPhone Developer";
				COPY_PHASE_STRIP = NO;
				CURRENT_PROJECT_VERSION = 1;
				DEBUG_INFORMATION_FORMAT = "dwarf-with-dsym";
				ENABLE_NS_ASSERTIONS = NO;
				ENABLE_STRICT_OBJC_MSGSEND = YES;
				GCC_C_LANGUAGE_STANDARD = gnu11;
				GCC_NO_COMMON_BLOCKS = YES;
				GCC_WARN_64_TO_32_BIT_CONVERSION = YES;
				GCC_WARN_ABOUT_RETURN_TYPE = YES_ERROR;
				GCC_WARN_UNDECLARED_SELECTOR = YES;
				GCC_WARN_UNINITIALIZED_AUTOS = YES_AGGRESSIVE;
				GCC_WARN_UNUSED_FUNCTION = YES;
				GCC_WARN_UNUSED_VARIABLE = YES;
				IPHONEOS_DEPLOYMENT_TARGET = 10.0;
				MTL_ENABLE_DEBUG_INFO = NO;
				SDKROOT = iphoneos;
				SWIFT_COMPILATION_MODE = wholemodule;
				SWIFT_OPTIMIZATION_LEVEL = "-O";
				VALIDATE_PRODUCT = YES;
				VERSIONING_SYSTEM = "apple-generic";
				VERSION_INFO_PREFIX = "";
			};
			name = Release;
		};
		6149DAC720A53061004EDA7A /* Debug */ = {
			isa = XCBuildConfiguration;
			baseConfigurationReference = 8C8188F0F5606C32A9869E5E /* Pods-TrustSDK.debug.xcconfig */;
			buildSettings = {
				CLANG_ENABLE_MODULES = YES;
				CODE_SIGN_IDENTITY = "";
				CODE_SIGN_STYLE = Automatic;
				DEFINES_MODULE = YES;
				DYLIB_COMPATIBILITY_VERSION = 1;
				DYLIB_CURRENT_VERSION = 1;
				DYLIB_INSTALL_NAME_BASE = "@rpath";
				ENABLE_BITCODE = YES;
				INFOPLIST_FILE = Metadata/TrustSDKInfo.plist;
				INSTALL_PATH = "$(LOCAL_LIBRARY_DIR)/Frameworks";
				LD_RUNPATH_SEARCH_PATHS = (
					"$(inherited)",
					"@executable_path/Frameworks",
					"@loader_path/Frameworks",
				);
				PRODUCT_BUNDLE_IDENTIFIER = com.trustwalletapp.TrustSDK;
				PRODUCT_NAME = "$(TARGET_NAME:c99extidentifier)";
				SKIP_INSTALL = YES;
				SWIFT_OPTIMIZATION_LEVEL = "-Onone";
				SWIFT_VERSION = 4.2;
				TARGETED_DEVICE_FAMILY = "1,2";
			};
			name = Debug;
		};
		6149DAC820A53061004EDA7A /* Release */ = {
			isa = XCBuildConfiguration;
			baseConfigurationReference = D6797EADF852BBA8C1308A1F /* Pods-TrustSDK.release.xcconfig */;
			buildSettings = {
				CLANG_ENABLE_MODULES = YES;
				CODE_SIGN_IDENTITY = "";
				CODE_SIGN_STYLE = Automatic;
				DEFINES_MODULE = YES;
				DYLIB_COMPATIBILITY_VERSION = 1;
				DYLIB_CURRENT_VERSION = 1;
				DYLIB_INSTALL_NAME_BASE = "@rpath";
				ENABLE_BITCODE = YES;
				INFOPLIST_FILE = Metadata/TrustSDKInfo.plist;
				INSTALL_PATH = "$(LOCAL_LIBRARY_DIR)/Frameworks";
				LD_RUNPATH_SEARCH_PATHS = (
					"$(inherited)",
					"@executable_path/Frameworks",
					"@loader_path/Frameworks",
				);
				PRODUCT_BUNDLE_IDENTIFIER = com.trustwalletapp.TrustSDK;
				PRODUCT_NAME = "$(TARGET_NAME:c99extidentifier)";
				SKIP_INSTALL = YES;
				SWIFT_VERSION = 4.2;
				TARGETED_DEVICE_FAMILY = "1,2";
			};
			name = Release;
		};
		6149DACA20A53061004EDA7A /* Debug */ = {
			isa = XCBuildConfiguration;
			baseConfigurationReference = 4B7A87B64F15A88CF61F863A /* Pods-TrustSDK-TrustSDKTests.debug.xcconfig */;
			buildSettings = {
				CLANG_ENABLE_MODULES = YES;
				CODE_SIGN_STYLE = Automatic;
				INFOPLIST_FILE = Metadata/TrustSDKTestsInfo.plist;
				LD_RUNPATH_SEARCH_PATHS = (
					"$(inherited)",
					"@executable_path/Frameworks",
					"@loader_path/Frameworks",
				);
				PRODUCT_BUNDLE_IDENTIFIER = com.trustwalletapp.TrustSDKTests;
				PRODUCT_NAME = "$(TARGET_NAME)";
				SWIFT_OPTIMIZATION_LEVEL = "-Onone";
				SWIFT_VERSION = 4.2;
				TARGETED_DEVICE_FAMILY = "1,2";
			};
			name = Debug;
		};
		6149DACB20A53061004EDA7A /* Release */ = {
			isa = XCBuildConfiguration;
			baseConfigurationReference = 0095D2EE6A6FF69F3963E995 /* Pods-TrustSDK-TrustSDKTests.release.xcconfig */;
			buildSettings = {
				CLANG_ENABLE_MODULES = YES;
				CODE_SIGN_STYLE = Automatic;
				INFOPLIST_FILE = Metadata/TrustSDKTestsInfo.plist;
				LD_RUNPATH_SEARCH_PATHS = (
					"$(inherited)",
					"@executable_path/Frameworks",
					"@loader_path/Frameworks",
				);
				PRODUCT_BUNDLE_IDENTIFIER = com.trustwalletapp.TrustSDKTests;
				PRODUCT_NAME = "$(TARGET_NAME)";
				SWIFT_VERSION = 4.2;
				TARGETED_DEVICE_FAMILY = "1,2";
			};
			name = Release;
		};
		618C425820AE982600D2F704 /* Debug */ = {
			isa = XCBuildConfiguration;
			baseConfigurationReference = 9E6B2B45193D4F32DE5BAF7F /* Pods-TrustSDK-TrustWalletSDK.debug.xcconfig */;
			buildSettings = {
				CODE_SIGN_IDENTITY = "";
				CODE_SIGN_STYLE = Automatic;
				DEFINES_MODULE = YES;
				DYLIB_COMPATIBILITY_VERSION = 1;
				DYLIB_CURRENT_VERSION = 1;
				DYLIB_INSTALL_NAME_BASE = "@rpath";
				INFOPLIST_FILE = Metadata/TrustWalletSDKInfo.plist;
				INSTALL_PATH = "$(LOCAL_LIBRARY_DIR)/Frameworks";
				IPHONEOS_DEPLOYMENT_TARGET = 11.3;
				LD_RUNPATH_SEARCH_PATHS = (
					"$(inherited)",
					"@executable_path/Frameworks",
					"@loader_path/Frameworks",
				);
				PRODUCT_BUNDLE_IDENTIFIER = com.trustwalletapp.TrustWalletSDK;
				PRODUCT_NAME = "$(TARGET_NAME:c99extidentifier)";
				SKIP_INSTALL = YES;
				SWIFT_VERSION = 4.2;
				TARGETED_DEVICE_FAMILY = "1,2";
			};
			name = Debug;
		};
		618C425920AE982600D2F704 /* Release */ = {
			isa = XCBuildConfiguration;
			baseConfigurationReference = F7A4BA16B1025288FCC38A1E /* Pods-TrustSDK-TrustWalletSDK.release.xcconfig */;
			buildSettings = {
				CODE_SIGN_IDENTITY = "";
				CODE_SIGN_STYLE = Automatic;
				DEFINES_MODULE = YES;
				DYLIB_COMPATIBILITY_VERSION = 1;
				DYLIB_CURRENT_VERSION = 1;
				DYLIB_INSTALL_NAME_BASE = "@rpath";
				INFOPLIST_FILE = Metadata/TrustWalletSDKInfo.plist;
				INSTALL_PATH = "$(LOCAL_LIBRARY_DIR)/Frameworks";
				IPHONEOS_DEPLOYMENT_TARGET = 11.3;
				LD_RUNPATH_SEARCH_PATHS = (
					"$(inherited)",
					"@executable_path/Frameworks",
					"@loader_path/Frameworks",
				);
				PRODUCT_BUNDLE_IDENTIFIER = com.trustwalletapp.TrustWalletSDK;
				PRODUCT_NAME = "$(TARGET_NAME:c99extidentifier)";
				SKIP_INSTALL = YES;
				SWIFT_VERSION = 4.2;
				TARGETED_DEVICE_FAMILY = "1,2";
			};
			name = Release;
		};
		618C425B20AE982600D2F704 /* Debug */ = {
			isa = XCBuildConfiguration;
			baseConfigurationReference = 10884017ECCF49138425F43E /* Pods-TrustSDK-TrustWalletSDKTests.debug.xcconfig */;
			buildSettings = {
				CLANG_ENABLE_MODULES = YES;
				CODE_SIGN_STYLE = Automatic;
				INFOPLIST_FILE = Metadata/TrustWalletSDKTestsInfo.plist;
				IPHONEOS_DEPLOYMENT_TARGET = 11.3;
				LD_RUNPATH_SEARCH_PATHS = (
					"$(inherited)",
					"@executable_path/Frameworks",
					"@loader_path/Frameworks",
				);
				PRODUCT_BUNDLE_IDENTIFIER = com.trustwalletapp.TrustWalletSDKTests;
				PRODUCT_NAME = "$(TARGET_NAME)";
				SWIFT_OPTIMIZATION_LEVEL = "-Onone";
				SWIFT_VERSION = 4.2;
				TARGETED_DEVICE_FAMILY = "1,2";
			};
			name = Debug;
		};
		618C425C20AE982600D2F704 /* Release */ = {
			isa = XCBuildConfiguration;
			baseConfigurationReference = C05E6AAEB929E24BB8D3288F /* Pods-TrustSDK-TrustWalletSDKTests.release.xcconfig */;
			buildSettings = {
				CLANG_ENABLE_MODULES = YES;
				CODE_SIGN_STYLE = Automatic;
				INFOPLIST_FILE = Metadata/TrustWalletSDKTestsInfo.plist;
				IPHONEOS_DEPLOYMENT_TARGET = 11.3;
				LD_RUNPATH_SEARCH_PATHS = (
					"$(inherited)",
					"@executable_path/Frameworks",
					"@loader_path/Frameworks",
				);
				PRODUCT_BUNDLE_IDENTIFIER = com.trustwalletapp.TrustWalletSDKTests;
				PRODUCT_NAME = "$(TARGET_NAME)";
				SWIFT_VERSION = 4.2;
				TARGETED_DEVICE_FAMILY = "1,2";
			};
			name = Release;
		};
/* End XCBuildConfiguration section */

/* Begin XCConfigurationList section */
		6149D9BE20A52FE3004EDA7A /* Build configuration list for PBXProject "TrustSDK" */ = {
			isa = XCConfigurationList;
			buildConfigurations = (
				6149D9D620A52FE3004EDA7A /* Debug */,
				6149D9D720A52FE3004EDA7A /* Release */,
			);
			defaultConfigurationIsVisible = 0;
			defaultConfigurationName = Release;
		};
		6149DAC620A53061004EDA7A /* Build configuration list for PBXNativeTarget "TrustSDK" */ = {
			isa = XCConfigurationList;
			buildConfigurations = (
				6149DAC720A53061004EDA7A /* Debug */,
				6149DAC820A53061004EDA7A /* Release */,
			);
			defaultConfigurationIsVisible = 0;
			defaultConfigurationName = Release;
		};
		6149DAC920A53061004EDA7A /* Build configuration list for PBXNativeTarget "TrustSDKTests" */ = {
			isa = XCConfigurationList;
			buildConfigurations = (
				6149DACA20A53061004EDA7A /* Debug */,
				6149DACB20A53061004EDA7A /* Release */,
			);
			defaultConfigurationIsVisible = 0;
			defaultConfigurationName = Release;
		};
		618C425720AE982600D2F704 /* Build configuration list for PBXNativeTarget "TrustWalletSDK" */ = {
			isa = XCConfigurationList;
			buildConfigurations = (
				618C425820AE982600D2F704 /* Debug */,
				618C425920AE982600D2F704 /* Release */,
			);
			defaultConfigurationIsVisible = 0;
			defaultConfigurationName = Release;
		};
		618C425A20AE982600D2F704 /* Build configuration list for PBXNativeTarget "TrustWalletSDKTests" */ = {
			isa = XCConfigurationList;
			buildConfigurations = (
				618C425B20AE982600D2F704 /* Debug */,
				618C425C20AE982600D2F704 /* Release */,
			);
			defaultConfigurationIsVisible = 0;
			defaultConfigurationName = Release;
		};
/* End XCConfigurationList section */
	};
	rootObject = 6149D9BB20A52FE3004EDA7A /* Project object */;
}
